{
  "name": "tcp-to-logs",
  "version": "1.0.0",
  "lockfileVersion": 2,
  "requires": true,
  "packages": {
    "": {
      "version": "1.0.0",
      "license": "ISC",
      "dependencies": {
        "hexy": "^0.3.4"
      }
    },
    "node_modules/hexy": {
      "version": "0.3.4",
      "resolved": "https://registry.npmjs.org/hexy/-/hexy-0.3.4.tgz",
      "integrity": "sha512-P2V2yx+XhEJRjXCe9IlRzbcL33plTaIjn+OSvgWu0Z9+2WkL71d+eC4jQ91rooM+F0JNERnENH6mpHlpcT+qlA==",
      "bin": {
        "hexy": "bin/hexy_cmd.js"
      },
      "engines": {
        "node": ">=10.4"
      }
    }
  },
  "dependencies": {
    "hexy": {
      "version": "0.3.4",
      "resolved": "https://registry.npmjs.org/hexy/-/hexy-0.3.4.tgz",
      "integrity": "sha512-P2V2yx+XhEJRjXCe9IlRzbcL33plTaIjn+OSvgWu0Z9+2WkL71d+eC4jQ91rooM+F0JNERnENH6mpHlpcT+qlA=="
    }
  }
}
